// !$*UTF8*$!
{
	archiveVersion = 1;
	classes = {
	};
	objectVersion = 56;
	objects = {

/* Begin PBXBuildFile section */
		78509A722A8250EC0056BB0E /* SwiftDataExerciseApp.swift in Sources */ = {isa = PBXBuildFile; fileRef = 78509A712A8250EC0056BB0E /* SwiftDataExerciseApp.swift */; };
		78509A742A8250EC0056BB0E /* ContentView.swift in Sources */ = {isa = PBXBuildFile; fileRef = 78509A732A8250EC0056BB0E /* ContentView.swift */; };
		78509A762A8250EE0056BB0E /* Assets.xcassets in Resources */ = {isa = PBXBuildFile; fileRef = 78509A752A8250EE0056BB0E /* Assets.xcassets */; };
		78509A7A2A8250EE0056BB0E /* Preview Assets.xcassets in Resources */ = {isa = PBXBuildFile; fileRef = 78509A792A8250EE0056BB0E /* Preview Assets.xcassets */; };
		78509A9D2A826D600056BB0E /* PropertyListRemoteRepository.swift in Sources */ = {isa = PBXBuildFile; fileRef = 78509A9C2A826D600056BB0E /* PropertyListRemoteRepository.swift */; };
		78509AA12A826F3E0056BB0E /* PropertyDTO.swift in Sources */ = {isa = PBXBuildFile; fileRef = 78509AA02A826F3E0056BB0E /* PropertyDTO.swift */; };
		78509AA32A82827E0056BB0E /* CityDTO.swift in Sources */ = {isa = PBXBuildFile; fileRef = 78509AA22A82827E0056BB0E /* CityDTO.swift */; };
		78509AA52A8282870056BB0E /* PropertyListDTO.swift in Sources */ = {isa = PBXBuildFile; fileRef = 78509AA42A8282870056BB0E /* PropertyListDTO.swift */; };
		78509AAE2A84C4590056BB0E /* PropertyListViewModel.swift in Sources */ = {isa = PBXBuildFile; fileRef = 78509AAD2A84C4590056BB0E /* PropertyListViewModel.swift */; };
		787144012A8B6CAC00D1DFEC /* TestView.swift in Sources */ = {isa = PBXBuildFile; fileRef = 787144002A8B6CAC00D1DFEC /* TestView.swift */; };
		788666712A8B7BA400ED67D1 /* SWLogger.swift in Sources */ = {isa = PBXBuildFile; fileRef = 788666702A8B7BA400ED67D1 /* SWLogger.swift */; };
		78987B522A84C6A0005752EF /* PropertyListService.swift in Sources */ = {isa = PBXBuildFile; fileRef = 78987B512A84C6A0005752EF /* PropertyListService.swift */; };
		78987B542A84C7A1005752EF /* Property.swift in Sources */ = {isa = PBXBuildFile; fileRef = 78987B532A84C7A1005752EF /* Property.swift */; };
		78987B582A84C7B4005752EF /* City.swift in Sources */ = {isa = PBXBuildFile; fileRef = 78987B572A84C7B4005752EF /* City.swift */; };
		78987B5B2A84CE38005752EF /* PropertyListLocalRepository.swift in Sources */ = {isa = PBXBuildFile; fileRef = 78987B5A2A84CE38005752EF /* PropertyListLocalRepository.swift */; };
/* End PBXBuildFile section */

/* Begin PBXContainerItemProxy section */
		78509A802A8250EE0056BB0E /* PBXContainerItemProxy */ = {
			isa = PBXContainerItemProxy;
			containerPortal = 78509A662A8250EB0056BB0E /* Project object */;
			proxyType = 1;
			remoteGlobalIDString = 78509A6D2A8250EC0056BB0E;
			remoteInfo = SwiftDataExercise;
		};
		78509A8A2A8250EE0056BB0E /* PBXContainerItemProxy */ = {
			isa = PBXContainerItemProxy;
			containerPortal = 78509A662A8250EB0056BB0E /* Project object */;
			proxyType = 1;
			remoteGlobalIDString = 78509A6D2A8250EC0056BB0E;
			remoteInfo = SwiftDataExercise;
		};
/* End PBXContainerItemProxy section */

/* Begin PBXFileReference section */
		78509A6E2A8250EC0056BB0E /* SwiftDataExercise.app */ = {isa = PBXFileReference; explicitFileType = wrapper.application; includeInIndex = 0; path = SwiftDataExercise.app; sourceTree = BUILT_PRODUCTS_DIR; };
		78509A712A8250EC0056BB0E /* SwiftDataExerciseApp.swift */ = {isa = PBXFileReference; lastKnownFileType = sourcecode.swift; path = SwiftDataExerciseApp.swift; sourceTree = "<group>"; };
		78509A732A8250EC0056BB0E /* ContentView.swift */ = {isa = PBXFileReference; lastKnownFileType = sourcecode.swift; path = ContentView.swift; sourceTree = "<group>"; };
		78509A752A8250EE0056BB0E /* Assets.xcassets */ = {isa = PBXFileReference; lastKnownFileType = folder.assetcatalog; path = Assets.xcassets; sourceTree = "<group>"; };
		78509A792A8250EE0056BB0E /* Preview Assets.xcassets */ = {isa = PBXFileReference; lastKnownFileType = folder.assetcatalog; path = "Preview Assets.xcassets"; sourceTree = "<group>"; };
		78509A7F2A8250EE0056BB0E /* SwiftDataExerciseTests.xctest */ = {isa = PBXFileReference; explicitFileType = wrapper.cfbundle; includeInIndex = 0; path = SwiftDataExerciseTests.xctest; sourceTree = BUILT_PRODUCTS_DIR; };
		78509A892A8250EE0056BB0E /* SwiftDataExerciseUITests.xctest */ = {isa = PBXFileReference; explicitFileType = wrapper.cfbundle; includeInIndex = 0; path = SwiftDataExerciseUITests.xctest; sourceTree = BUILT_PRODUCTS_DIR; };
		78509A9C2A826D600056BB0E /* PropertyListRemoteRepository.swift */ = {isa = PBXFileReference; lastKnownFileType = sourcecode.swift; path = PropertyListRemoteRepository.swift; sourceTree = "<group>"; };
		78509AA02A826F3E0056BB0E /* PropertyDTO.swift */ = {isa = PBXFileReference; lastKnownFileType = sourcecode.swift; path = PropertyDTO.swift; sourceTree = "<group>"; };
		78509AA22A82827E0056BB0E /* CityDTO.swift */ = {isa = PBXFileReference; lastKnownFileType = sourcecode.swift; path = CityDTO.swift; sourceTree = "<group>"; };
		78509AA42A8282870056BB0E /* PropertyListDTO.swift */ = {isa = PBXFileReference; lastKnownFileType = sourcecode.swift; path = PropertyListDTO.swift; sourceTree = "<group>"; };
		78509AA92A828D7A0056BB0E /* Configuration.xcconfig */ = {isa = PBXFileReference; lastKnownFileType = text.xcconfig; path = Configuration.xcconfig; sourceTree = "<group>"; };
		78509AAA2A83B8920056BB0E /* Info.plist */ = {isa = PBXFileReference; lastKnownFileType = text.plist; path = Info.plist; sourceTree = "<group>"; };
		78509AAD2A84C4590056BB0E /* PropertyListViewModel.swift */ = {isa = PBXFileReference; lastKnownFileType = sourcecode.swift; path = PropertyListViewModel.swift; sourceTree = "<group>"; };
		787144002A8B6CAC00D1DFEC /* TestView.swift */ = {isa = PBXFileReference; lastKnownFileType = sourcecode.swift; path = TestView.swift; sourceTree = "<group>"; };
		788666702A8B7BA400ED67D1 /* SWLogger.swift */ = {isa = PBXFileReference; lastKnownFileType = sourcecode.swift; path = SWLogger.swift; sourceTree = "<group>"; };
		78987B512A84C6A0005752EF /* PropertyListService.swift */ = {isa = PBXFileReference; lastKnownFileType = sourcecode.swift; path = PropertyListService.swift; sourceTree = "<group>"; };
		78987B532A84C7A1005752EF /* Property.swift */ = {isa = PBXFileReference; lastKnownFileType = sourcecode.swift; path = Property.swift; sourceTree = "<group>"; };
		78987B572A84C7B4005752EF /* City.swift */ = {isa = PBXFileReference; lastKnownFileType = sourcecode.swift; path = City.swift; sourceTree = "<group>"; };
		78987B5A2A84CE38005752EF /* PropertyListLocalRepository.swift */ = {isa = PBXFileReference; lastKnownFileType = sourcecode.swift; path = PropertyListLocalRepository.swift; sourceTree = "<group>"; };
/* End PBXFileReference section */

/* Begin PBXFrameworksBuildPhase section */
		78509A6B2A8250EC0056BB0E /* Frameworks */ = {
			isa = PBXFrameworksBuildPhase;
			buildActionMask = 2147483647;
			files = (
			);
			runOnlyForDeploymentPostprocessing = 0;
		};
		78509A7C2A8250EE0056BB0E /* Frameworks */ = {
			isa = PBXFrameworksBuildPhase;
			buildActionMask = 2147483647;
			files = (
			);
			runOnlyForDeploymentPostprocessing = 0;
		};
		78509A862A8250EE0056BB0E /* Frameworks */ = {
			isa = PBXFrameworksBuildPhase;
			buildActionMask = 2147483647;
			files = (
			);
			runOnlyForDeploymentPostprocessing = 0;
		};
/* End PBXFrameworksBuildPhase section */

/* Begin PBXGroup section */
		78509A652A8250EB0056BB0E = {
			isa = PBXGroup;
			children = (
				78509A702A8250EC0056BB0E /* SwiftDataExercise */,
				78509A6F2A8250EC0056BB0E /* Products */,
			);
			sourceTree = "<group>";
		};
		78509A6F2A8250EC0056BB0E /* Products */ = {
			isa = PBXGroup;
			children = (
				78509A6E2A8250EC0056BB0E /* SwiftDataExercise.app */,
				78509A7F2A8250EE0056BB0E /* SwiftDataExerciseTests.xctest */,
				78509A892A8250EE0056BB0E /* SwiftDataExerciseUITests.xctest */,
			);
			name = Products;
			sourceTree = "<group>";
		};
		78509A702A8250EC0056BB0E /* SwiftDataExercise */ = {
			isa = PBXGroup;
			children = (
				7886666F2A8B7B9200ED67D1 /* Utilities */,
				78509AA92A828D7A0056BB0E /* Configuration.xcconfig */,
				78509AAA2A83B8920056BB0E /* Info.plist */,
				78987B502A84C685005752EF /* Services */,
				78509AAC2A83DCB20056BB0E /* Models */,
				78509A9F2A826F320056BB0E /* DTOModels */,
				78509A9E2A826D640056BB0E /* PropertyListRemoteClient */,
				78987B592A84CDD6005752EF /* PropertyListLocalClient */,
				78509A712A8250EC0056BB0E /* SwiftDataExerciseApp.swift */,
				78509A732A8250EC0056BB0E /* ContentView.swift */,
				787144002A8B6CAC00D1DFEC /* TestView.swift */,
				78509AAD2A84C4590056BB0E /* PropertyListViewModel.swift */,
				78509A752A8250EE0056BB0E /* Assets.xcassets */,
				78509A782A8250EE0056BB0E /* Preview Content */,
			);
			path = SwiftDataExercise;
			sourceTree = "<group>";
		};
		78509A782A8250EE0056BB0E /* Preview Content */ = {
			isa = PBXGroup;
			children = (
				78509A792A8250EE0056BB0E /* Preview Assets.xcassets */,
			);
			path = "Preview Content";
			sourceTree = "<group>";
		};
		78509A9E2A826D640056BB0E /* PropertyListRemoteClient */ = {
			isa = PBXGroup;
			children = (
				78509A9C2A826D600056BB0E /* PropertyListRemoteRepository.swift */,
			);
			path = PropertyListRemoteClient;
			sourceTree = "<group>";
		};
		78509A9F2A826F320056BB0E /* DTOModels */ = {
			isa = PBXGroup;
			children = (
				78509AA02A826F3E0056BB0E /* PropertyDTO.swift */,
				78509AA22A82827E0056BB0E /* CityDTO.swift */,
				78509AA42A8282870056BB0E /* PropertyListDTO.swift */,
			);
			path = DTOModels;
			sourceTree = "<group>";
		};
		78509AAC2A83DCB20056BB0E /* Models */ = {
			isa = PBXGroup;
			children = (
				78987B532A84C7A1005752EF /* Property.swift */,
				78987B572A84C7B4005752EF /* City.swift */,
			);
			path = Models;
			sourceTree = "<group>";
		};
		7886666F2A8B7B9200ED67D1 /* Utilities */ = {
			isa = PBXGroup;
			children = (
				788666702A8B7BA400ED67D1 /* SWLogger.swift */,
			);
			path = Utilities;
			sourceTree = "<group>";
		};
		78987B502A84C685005752EF /* Services */ = {
			isa = PBXGroup;
			children = (
				78987B512A84C6A0005752EF /* PropertyListService.swift */,
			);
			path = Services;
			sourceTree = "<group>";
		};
		78987B592A84CDD6005752EF /* PropertyListLocalClient */ = {
			isa = PBXGroup;
			children = (
				78987B5A2A84CE38005752EF /* PropertyListLocalRepository.swift */,
			);
			path = PropertyListLocalClient;
			sourceTree = "<group>";
		};
/* End PBXGroup section */

/* Begin PBXNativeTarget section */
		78509A6D2A8250EC0056BB0E /* SwiftDataExercise */ = {
			isa = PBXNativeTarget;
			buildConfigurationList = 78509A932A8250EE0056BB0E /* Build configuration list for PBXNativeTarget "SwiftDataExercise" */;
			buildPhases = (
				78509A6A2A8250EC0056BB0E /* Sources */,
				78509A6B2A8250EC0056BB0E /* Frameworks */,
				78509A6C2A8250EC0056BB0E /* Resources */,
			);
			buildRules = (
			);
			dependencies = (
			);
			name = SwiftDataExercise;
			productName = SwiftDataExercise;
			productReference = 78509A6E2A8250EC0056BB0E /* SwiftDataExercise.app */;
			productType = "com.apple.product-type.application";
		};
		78509A7E2A8250EE0056BB0E /* SwiftDataExerciseTests */ = {
			isa = PBXNativeTarget;
			buildConfigurationList = 78509A962A8250EE0056BB0E /* Build configuration list for PBXNativeTarget "SwiftDataExerciseTests" */;
			buildPhases = (
				78509A7B2A8250EE0056BB0E /* Sources */,
				78509A7C2A8250EE0056BB0E /* Frameworks */,
				78509A7D2A8250EE0056BB0E /* Resources */,
			);
			buildRules = (
			);
			dependencies = (
				78509A812A8250EE0056BB0E /* PBXTargetDependency */,
			);
			name = SwiftDataExerciseTests;
			productName = SwiftDataExerciseTests;
			productReference = 78509A7F2A8250EE0056BB0E /* SwiftDataExerciseTests.xctest */;
			productType = "com.apple.product-type.bundle.unit-test";
		};
		78509A882A8250EE0056BB0E /* SwiftDataExerciseUITests */ = {
			isa = PBXNativeTarget;
			buildConfigurationList = 78509A992A8250EE0056BB0E /* Build configuration list for PBXNativeTarget "SwiftDataExerciseUITests" */;
			buildPhases = (
				78509A852A8250EE0056BB0E /* Sources */,
				78509A862A8250EE0056BB0E /* Frameworks */,
				78509A872A8250EE0056BB0E /* Resources */,
			);
			buildRules = (
			);
			dependencies = (
				78509A8B2A8250EE0056BB0E /* PBXTargetDependency */,
			);
			name = SwiftDataExerciseUITests;
			productName = SwiftDataExerciseUITests;
			productReference = 78509A892A8250EE0056BB0E /* SwiftDataExerciseUITests.xctest */;
			productType = "com.apple.product-type.bundle.ui-testing";
		};
/* End PBXNativeTarget section */

/* Begin PBXProject section */
		78509A662A8250EB0056BB0E /* Project object */ = {
			isa = PBXProject;
			attributes = {
				BuildIndependentTargetsInParallel = 1;
				LastSwiftUpdateCheck = 1500;
				LastUpgradeCheck = 1500;
				TargetAttributes = {
					78509A6D2A8250EC0056BB0E = {
						CreatedOnToolsVersion = 15.0;
					};
					78509A7E2A8250EE0056BB0E = {
						CreatedOnToolsVersion = 15.0;
						TestTargetID = 78509A6D2A8250EC0056BB0E;
					};
					78509A882A8250EE0056BB0E = {
						CreatedOnToolsVersion = 15.0;
						TestTargetID = 78509A6D2A8250EC0056BB0E;
					};
				};
			};
			buildConfigurationList = 78509A692A8250EB0056BB0E /* Build configuration list for PBXProject "SwiftDataExercise" */;
			compatibilityVersion = "Xcode 14.0";
			developmentRegion = en;
			hasScannedForEncodings = 0;
			knownRegions = (
				en,
				Base,
			);
			mainGroup = 78509A652A8250EB0056BB0E;
			productRefGroup = 78509A6F2A8250EC0056BB0E /* Products */;
			projectDirPath = "";
			projectRoot = "";
			targets = (
				78509A6D2A8250EC0056BB0E /* SwiftDataExercise */,
				78509A7E2A8250EE0056BB0E /* SwiftDataExerciseTests */,
				78509A882A8250EE0056BB0E /* SwiftDataExerciseUITests */,
			);
		};
/* End PBXProject section */

/* Begin PBXResourcesBuildPhase section */
		78509A6C2A8250EC0056BB0E /* Resources */ = {
			isa = PBXResourcesBuildPhase;
			buildActionMask = 2147483647;
			files = (
				78509A7A2A8250EE0056BB0E /* Preview Assets.xcassets in Resources */,
				78509A762A8250EE0056BB0E /* Assets.xcassets in Resources */,
			);
			runOnlyForDeploymentPostprocessing = 0;
		};
		78509A7D2A8250EE0056BB0E /* Resources */ = {
			isa = PBXResourcesBuildPhase;
			buildActionMask = 2147483647;
			files = (
			);
			runOnlyForDeploymentPostprocessing = 0;
		};
		78509A872A8250EE0056BB0E /* Resources */ = {
			isa = PBXResourcesBuildPhase;
			buildActionMask = 2147483647;
			files = (
			);
			runOnlyForDeploymentPostprocessing = 0;
		};
/* End PBXResourcesBuildPhase section */

/* Begin PBXSourcesBuildPhase section */
		78509A6A2A8250EC0056BB0E /* Sources */ = {
			isa = PBXSourcesBuildPhase;
			buildActionMask = 2147483647;
			files = (
				787144012A8B6CAC00D1DFEC /* TestView.swift in Sources */,
				78987B542A84C7A1005752EF /* Property.swift in Sources */,
				78509A742A8250EC0056BB0E /* ContentView.swift in Sources */,
				78509AA32A82827E0056BB0E /* CityDTO.swift in Sources */,
				78509AA52A8282870056BB0E /* PropertyListDTO.swift in Sources */,
				78509A722A8250EC0056BB0E /* SwiftDataExerciseApp.swift in Sources */,
				78509AAE2A84C4590056BB0E /* PropertyListViewModel.swift in Sources */,
				78509AA12A826F3E0056BB0E /* PropertyDTO.swift in Sources */,
				78987B5B2A84CE38005752EF /* PropertyListLocalRepository.swift in Sources */,
				78987B582A84C7B4005752EF /* City.swift in Sources */,
				78987B522A84C6A0005752EF /* PropertyListService.swift in Sources */,
				788666712A8B7BA400ED67D1 /* SWLogger.swift in Sources */,
				78509A9D2A826D600056BB0E /* PropertyListRemoteRepository.swift in Sources */,
			);
			runOnlyForDeploymentPostprocessing = 0;
		};
		78509A7B2A8250EE0056BB0E /* Sources */ = {
			isa = PBXSourcesBuildPhase;
			buildActionMask = 2147483647;
			files = (
			);
			runOnlyForDeploymentPostprocessing = 0;
		};
		78509A852A8250EE0056BB0E /* Sources */ = {
			isa = PBXSourcesBuildPhase;
			buildActionMask = 2147483647;
			files = (
			);
			runOnlyForDeploymentPostprocessing = 0;
		};
/* End PBXSourcesBuildPhase section */

/* Begin PBXTargetDependency section */
		78509A812A8250EE0056BB0E /* PBXTargetDependency */ = {
			isa = PBXTargetDependency;
			target = 78509A6D2A8250EC0056BB0E /* SwiftDataExercise */;
			targetProxy = 78509A802A8250EE0056BB0E /* PBXContainerItemProxy */;
		};
		78509A8B2A8250EE0056BB0E /* PBXTargetDependency */ = {
			isa = PBXTargetDependency;
			target = 78509A6D2A8250EC0056BB0E /* SwiftDataExercise */;
			targetProxy = 78509A8A2A8250EE0056BB0E /* PBXContainerItemProxy */;
		};
/* End PBXTargetDependency section */

/* Begin XCBuildConfiguration section */
		78509A912A8250EE0056BB0E /* Debug */ = {
			isa = XCBuildConfiguration;
			baseConfigurationReference = 78509AA92A828D7A0056BB0E /* Configuration.xcconfig */;
			buildSettings = {
				ALWAYS_SEARCH_USER_PATHS = NO;
				ASSETCATALOG_COMPILER_GENERATE_SWIFT_ASSET_SYMBOL_EXTENSIONS = YES;
				CLANG_ANALYZER_NONNULL = YES;
				CLANG_ANALYZER_NUMBER_OBJECT_CONVERSION = YES_AGGRESSIVE;
				CLANG_CXX_LANGUAGE_STANDARD = "gnu++20";
				CLANG_ENABLE_MODULES = YES;
				CLANG_ENABLE_OBJC_ARC = YES;
				CLANG_ENABLE_OBJC_WEAK = YES;
				CLANG_WARN_BLOCK_CAPTURE_AUTORELEASING = YES;
				CLANG_WARN_BOOL_CONVERSION = YES;
				CLANG_WARN_COMMA = YES;
				CLANG_WARN_CONSTANT_CONVERSION = YES;
				CLANG_WARN_DEPRECATED_OBJC_IMPLEMENTATIONS = YES;
				CLANG_WARN_DIRECT_OBJC_ISA_USAGE = YES_ERROR;
				CLANG_WARN_DOCUMENTATION_COMMENTS = YES;
				CLANG_WARN_EMPTY_BODY = YES;
				CLANG_WARN_ENUM_CONVERSION = YES;
				CLANG_WARN_INFINITE_RECURSION = YES;
				CLANG_WARN_INT_CONVERSION = YES;
				CLANG_WARN_NON_LITERAL_NULL_CONVERSION = YES;
				CLANG_WARN_OBJC_IMPLICIT_RETAIN_SELF = YES;
				CLANG_WARN_OBJC_LITERAL_CONVERSION = YES;
				CLANG_WARN_OBJC_ROOT_CLASS = YES_ERROR;
				CLANG_WARN_QUOTED_INCLUDE_IN_FRAMEWORK_HEADER = YES;
				CLANG_WARN_RANGE_LOOP_ANALYSIS = YES;
				CLANG_WARN_STRICT_PROTOTYPES = YES;
				CLANG_WARN_SUSPICIOUS_MOVE = YES;
				CLANG_WARN_UNGUARDED_AVAILABILITY = YES_AGGRESSIVE;
				CLANG_WARN_UNREACHABLE_CODE = YES;
				CLANG_WARN__DUPLICATE_METHOD_MATCH = YES;
				COPY_PHASE_STRIP = NO;
				DEBUG_INFORMATION_FORMAT = dwarf;
				ENABLE_STRICT_OBJC_MSGSEND = YES;
				ENABLE_TESTABILITY = YES;
				ENABLE_USER_SCRIPT_SANDBOXING = YES;
				GCC_C_LANGUAGE_STANDARD = gnu17;
				GCC_DYNAMIC_NO_PIC = NO;
				GCC_NO_COMMON_BLOCKS = YES;
				GCC_OPTIMIZATION_LEVEL = 0;
				GCC_PREPROCESSOR_DEFINITIONS = (
					"DEBUG=1",
					"$(inherited)",
				);
				GCC_WARN_64_TO_32_BIT_CONVERSION = YES;
				GCC_WARN_ABOUT_RETURN_TYPE = YES_ERROR;
				GCC_WARN_UNDECLARED_SELECTOR = YES;
				GCC_WARN_UNINITIALIZED_AUTOS = YES_AGGRESSIVE;
				GCC_WARN_UNUSED_FUNCTION = YES;
				GCC_WARN_UNUSED_VARIABLE = YES;
				IPHONEOS_DEPLOYMENT_TARGET = 17.0;
				LOCALIZATION_PREFERS_STRING_CATALOGS = YES;
				MACOSX_DEPLOYMENT_TARGET = 14.0;
				MTL_ENABLE_DEBUG_INFO = INCLUDE_SOURCE;
				MTL_FAST_MATH = YES;
				ONLY_ACTIVE_ARCH = YES;
				SWIFT_ACTIVE_COMPILATION_CONDITIONS = "DEBUG $(inherited)";
				SWIFT_OPTIMIZATION_LEVEL = "-Onone";
			};
			name = Debug;
		};
		78509A922A8250EE0056BB0E /* Release */ = {
			isa = XCBuildConfiguration;
			baseConfigurationReference = 78509AA92A828D7A0056BB0E /* Configuration.xcconfig */;
			buildSettings = {
				ALWAYS_SEARCH_USER_PATHS = NO;
				ASSETCATALOG_COMPILER_GENERATE_SWIFT_ASSET_SYMBOL_EXTENSIONS = YES;
				CLANG_ANALYZER_NONNULL = YES;
				CLANG_ANALYZER_NUMBER_OBJECT_CONVERSION = YES_AGGRESSIVE;
				CLANG_CXX_LANGUAGE_STANDARD = "gnu++20";
				CLANG_ENABLE_MODULES = YES;
				CLANG_ENABLE_OBJC_ARC = YES;
				CLANG_ENABLE_OBJC_WEAK = YES;
				CLANG_WARN_BLOCK_CAPTURE_AUTORELEASING = YES;
				CLANG_WARN_BOOL_CONVERSION = YES;
				CLANG_WARN_COMMA = YES;
				CLANG_WARN_CONSTANT_CONVERSION = YES;
				CLANG_WARN_DEPRECATED_OBJC_IMPLEMENTATIONS = YES;
				CLANG_WARN_DIRECT_OBJC_ISA_USAGE = YES_ERROR;
				CLANG_WARN_DOCUMENTATION_COMMENTS = YES;
				CLANG_WARN_EMPTY_BODY = YES;
				CLANG_WARN_ENUM_CONVERSION = YES;
				CLANG_WARN_INFINITE_RECURSION = YES;
				CLANG_WARN_INT_CONVERSION = YES;
				CLANG_WARN_NON_LITERAL_NULL_CONVERSION = YES;
				CLANG_WARN_OBJC_IMPLICIT_RETAIN_SELF = YES;
				CLANG_WARN_OBJC_LITERAL_CONVERSION = YES;
				CLANG_WARN_OBJC_ROOT_CLASS = YES_ERROR;
				CLANG_WARN_QUOTED_INCLUDE_IN_FRAMEWORK_HEADER = YES;
				CLANG_WARN_RANGE_LOOP_ANALYSIS = YES;
				CLANG_WARN_STRICT_PROTOTYPES = YES;
				CLANG_WARN_SUSPICIOUS_MOVE = YES;
				CLANG_WARN_UNGUARDED_AVAILABILITY = YES_AGGRESSIVE;
				CLANG_WARN_UNREACHABLE_CODE = YES;
				CLANG_WARN__DUPLICATE_METHOD_MATCH = YES;
				COPY_PHASE_STRIP = NO;
				DEBUG_INFORMATION_FORMAT = "dwarf-with-dsym";
				ENABLE_NS_ASSERTIONS = NO;
				ENABLE_STRICT_OBJC_MSGSEND = YES;
				ENABLE_USER_SCRIPT_SANDBOXING = YES;
				GCC_C_LANGUAGE_STANDARD = gnu17;
				GCC_NO_COMMON_BLOCKS = YES;
				GCC_WARN_64_TO_32_BIT_CONVERSION = YES;
				GCC_WARN_ABOUT_RETURN_TYPE = YES_ERROR;
				GCC_WARN_UNDECLARED_SELECTOR = YES;
				GCC_WARN_UNINITIALIZED_AUTOS = YES_AGGRESSIVE;
				GCC_WARN_UNUSED_FUNCTION = YES;
				GCC_WARN_UNUSED_VARIABLE = YES;
				IPHONEOS_DEPLOYMENT_TARGET = 17.0;
				LOCALIZATION_PREFERS_STRING_CATALOGS = YES;
				MACOSX_DEPLOYMENT_TARGET = 14.0;
				MTL_ENABLE_DEBUG_INFO = NO;
				MTL_FAST_MATH = YES;
				SWIFT_COMPILATION_MODE = wholemodule;
			};
			name = Release;
		};
		78509A942A8250EE0056BB0E /* Debug */ = {
			isa = XCBuildConfiguration;
			baseConfigurationReference = 78509AA92A828D7A0056BB0E /* Configuration.xcconfig */;
			buildSettings = {
				ASSETCATALOG_COMPILER_APPICON_NAME = AppIcon;
				ASSETCATALOG_COMPILER_GLOBAL_ACCENT_COLOR_NAME = AccentColor;
				CODE_SIGN_ENTITLEMENTS = "";
				CODE_SIGN_STYLE = Automatic;
				CURRENT_PROJECT_VERSION = 1;
				DEVELOPMENT_ASSET_PATHS = "\"SwiftDataExercise/Preview Content\"";
				DEVELOPMENT_TEAM = B8A5NC68PU;
				ENABLE_HARDENED_RUNTIME = YES;
				ENABLE_PREVIEWS = YES;
				GENERATE_INFOPLIST_FILE = YES;
				INFOPLIST_FILE = SwiftDataExercise/Info.plist;
				"INFOPLIST_KEY_UIApplicationSceneManifest_Generation[sdk=iphoneos*]" = YES;
				"INFOPLIST_KEY_UIApplicationSceneManifest_Generation[sdk=iphonesimulator*]" = YES;
				"INFOPLIST_KEY_UIApplicationSupportsIndirectInputEvents[sdk=iphoneos*]" = YES;
				"INFOPLIST_KEY_UIApplicationSupportsIndirectInputEvents[sdk=iphonesimulator*]" = YES;
				"INFOPLIST_KEY_UILaunchScreen_Generation[sdk=iphoneos*]" = YES;
				"INFOPLIST_KEY_UILaunchScreen_Generation[sdk=iphonesimulator*]" = YES;
				"INFOPLIST_KEY_UIStatusBarStyle[sdk=iphoneos*]" = UIStatusBarStyleDefault;
				"INFOPLIST_KEY_UIStatusBarStyle[sdk=iphonesimulator*]" = UIStatusBarStyleDefault;
				INFOPLIST_KEY_UISupportedInterfaceOrientations_iPad = "UIInterfaceOrientationPortrait UIInterfaceOrientationPortraitUpsideDown UIInterfaceOrientationLandscapeLeft UIInterfaceOrientationLandscapeRight";
				INFOPLIST_KEY_UISupportedInterfaceOrientations_iPhone = "UIInterfaceOrientationPortrait UIInterfaceOrientationLandscapeLeft UIInterfaceOrientationLandscapeRight";
				IPHONEOS_DEPLOYMENT_TARGET = 17.0;
				LD_RUNPATH_SEARCH_PATHS = "@executable_path/Frameworks";
				"LD_RUNPATH_SEARCH_PATHS[sdk=macosx*]" = "@executable_path/../Frameworks";
				MACOSX_DEPLOYMENT_TARGET = 13.4;
				MARKETING_VERSION = 1.0;
				PRODUCT_BUNDLE_IDENTIFIER = dusan.SwiftDataExercise;
				PRODUCT_NAME = "$(TARGET_NAME)";
				SDKROOT = auto;
				SUPPORTED_PLATFORMS = "iphoneos iphonesimulator";
				SUPPORTS_MACCATALYST = NO;
				SWIFT_EMIT_LOC_STRINGS = YES;
				SWIFT_VERSION = 5.0;
				TARGETED_DEVICE_FAMILY = "1,2";
			};
			name = Debug;
		};
		78509A952A8250EE0056BB0E /* Release */ = {
			isa = XCBuildConfiguration;
			baseConfigurationReference = 78509AA92A828D7A0056BB0E /* Configuration.xcconfig */;
			buildSettings = {
				ASSETCATALOG_COMPILER_APPICON_NAME = AppIcon;
				ASSETCATALOG_COMPILER_GLOBAL_ACCENT_COLOR_NAME = AccentColor;
				CODE_SIGN_ENTITLEMENTS = "";
				CODE_SIGN_STYLE = Automatic;
				CURRENT_PROJECT_VERSION = 1;
				DEVELOPMENT_ASSET_PATHS = "\"SwiftDataExercise/Preview Content\"";
				DEVELOPMENT_TEAM = B8A5NC68PU;
				ENABLE_HARDENED_RUNTIME = YES;
				ENABLE_PREVIEWS = YES;
				GENERATE_INFOPLIST_FILE = YES;
				INFOPLIST_FILE = SwiftDataExercise/Info.plist;
				"INFOPLIST_KEY_UIApplicationSceneManifest_Generation[sdk=iphoneos*]" = YES;
				"INFOPLIST_KEY_UIApplicationSceneManifest_Generation[sdk=iphonesimulator*]" = YES;
				"INFOPLIST_KEY_UIApplicationSupportsIndirectInputEvents[sdk=iphoneos*]" = YES;
				"INFOPLIST_KEY_UIApplicationSupportsIndirectInputEvents[sdk=iphonesimulator*]" = YES;
				"INFOPLIST_KEY_UILaunchScreen_Generation[sdk=iphoneos*]" = YES;
				"INFOPLIST_KEY_UILaunchScreen_Generation[sdk=iphonesimulator*]" = YES;
				"INFOPLIST_KEY_UIStatusBarStyle[sdk=iphoneos*]" = UIStatusBarStyleDefault;
				"INFOPLIST_KEY_UIStatusBarStyle[sdk=iphonesimulator*]" = UIStatusBarStyleDefault;
				INFOPLIST_KEY_UISupportedInterfaceOrientations_iPad = "UIInterfaceOrientationPortrait UIInterfaceOrientationPortraitUpsideDown UIInterfaceOrientationLandscapeLeft UIInterfaceOrientationLandscapeRight";
				INFOPLIST_KEY_UISupportedInterfaceOrientations_iPhone = "UIInterfaceOrientationPortrait UIInterfaceOrientationLandscapeLeft UIInterfaceOrientationLandscapeRight";
				IPHONEOS_DEPLOYMENT_TARGET = 17.0;
				LD_RUNPATH_SEARCH_PATHS = "@executable_path/Frameworks";
				"LD_RUNPATH_SEARCH_PATHS[sdk=macosx*]" = "@executable_path/../Frameworks";
				MACOSX_DEPLOYMENT_TARGET = 13.4;
				MARKETING_VERSION = 1.0;
				PRODUCT_BUNDLE_IDENTIFIER = dusan.SwiftDataExercise;
				PRODUCT_NAME = "$(TARGET_NAME)";
				SDKROOT = auto;
				SUPPORTED_PLATFORMS = "iphoneos iphonesimulator";
				SUPPORTS_MACCATALYST = NO;
				SWIFT_EMIT_LOC_STRINGS = YES;
				SWIFT_VERSION = 5.0;
				TARGETED_DEVICE_FAMILY = "1,2";
			};
			name = Release;
		};
		78509A972A8250EE0056BB0E /* Debug */ = {
			isa = XCBuildConfiguration;
			baseConfigurationReference = 78509AA92A828D7A0056BB0E /* Configuration.xcconfig */;
			buildSettings = {
				ALWAYS_EMBED_SWIFT_STANDARD_LIBRARIES = YES;
				BUNDLE_LOADER = "$(TEST_HOST)";
				CODE_SIGN_STYLE = Automatic;
				CURRENT_PROJECT_VERSION = 1;
				DEVELOPMENT_TEAM = B8A5NC68PU;
				GENERATE_INFOPLIST_FILE = YES;
				IPHONEOS_DEPLOYMENT_TARGET = 17.0;
				MACOSX_DEPLOYMENT_TARGET = 13.4;
				MARKETING_VERSION = 1.0;
				PRODUCT_BUNDLE_IDENTIFIER = dusan.SwiftDataExerciseTests;
				PRODUCT_NAME = "$(TARGET_NAME)";
				SDKROOT = auto;
				SUPPORTED_PLATFORMS = "iphoneos iphonesimulator";
				SUPPORTS_MACCATALYST = NO;
				SWIFT_EMIT_LOC_STRINGS = NO;
				SWIFT_VERSION = 5.0;
				TARGETED_DEVICE_FAMILY = "1,2";
				TEST_HOST = "$(BUILT_PRODUCTS_DIR)/SwiftDataExercise.app/$(BUNDLE_EXECUTABLE_FOLDER_PATH)/SwiftDataExercise";
			};
			name = Debug;
		};
		78509A982A8250EE0056BB0E /* Release */ = {
			isa = XCBuildConfiguration;
			baseConfigurationReference = 78509AA92A828D7A0056BB0E /* Configuration.xcconfig */;
			buildSettings = {
				ALWAYS_EMBED_SWIFT_STANDARD_LIBRARIES = YES;
				BUNDLE_LOADER = "$(TEST_HOST)";
				CODE_SIGN_STYLE = Automatic;
				CURRENT_PROJECT_VERSION = 1;
				DEVELOPMENT_TEAM = B8A5NC68PU;
				GENERATE_INFOPLIST_FILE = YES;
				IPHONEOS_DEPLOYMENT_TARGET = 17.0;
				MACOSX_DEPLOYMENT_TARGET = 13.4;
				MARKETING_VERSION = 1.0;
				PRODUCT_BUNDLE_IDENTIFIER = dusan.SwiftDataExerciseTests;
				PRODUCT_NAME = "$(TARGET_NAME)";
				SDKROOT = auto;
				SUPPORTED_PLATFORMS = "iphoneos iphonesimulator";
				SUPPORTS_MACCATALYST = NO;
				SWIFT_EMIT_LOC_STRINGS = NO;
				SWIFT_VERSION = 5.0;
				TARGETED_DEVICE_FAMILY = "1,2";
				TEST_HOST = "$(BUILT_PRODUCTS_DIR)/SwiftDataExercise.app/$(BUNDLE_EXECUTABLE_FOLDER_PATH)/SwiftDataExercise";
			};
			name = Release;
		};
		78509A9A2A8250EE0056BB0E /* Debug */ = {
			isa = XCBuildConfiguration;
			baseConfigurationReference = 78509AA92A828D7A0056BB0E /* Configuration.xcconfig */;
			buildSettings = {
				ALWAYS_EMBED_SWIFT_STANDARD_LIBRARIES = YES;
				CODE_SIGN_STYLE = Automatic;
				CURRENT_PROJECT_VERSION = 1;
				DEVELOPMENT_TEAM = B8A5NC68PU;
				GENERATE_INFOPLIST_FILE = YES;
				IPHONEOS_DEPLOYMENT_TARGET = 17.0;
				MACOSX_DEPLOYMENT_TARGET = 13.4;
				MARKETING_VERSION = 1.0;
				PRODUCT_BUNDLE_IDENTIFIER = dusan.SwiftDataExerciseUITests;
				PRODUCT_NAME = "$(TARGET_NAME)";
				SDKROOT = auto;
				SUPPORTED_PLATFORMS = "iphoneos iphonesimulator";
				SUPPORTS_MACCATALYST = NO;
				SWIFT_EMIT_LOC_STRINGS = NO;
				SWIFT_VERSION = 5.0;
				TARGETED_DEVICE_FAMILY = "1,2";
				TEST_TARGET_NAME = SwiftDataExercise;
			};
			name = Debug;
		};
		78509A9B2A8250EE0056BB0E /* Release */ = {
			isa = XCBuildConfiguration;
			baseConfigurationReference = 78509AA92A828D7A0056BB0E /* Configuration.xcconfig */;
			buildSettings = {
				ALWAYS_EMBED_SWIFT_STANDARD_LIBRARIES = YES;
				CODE_SIGN_STYLE = Automatic;
				CURRENT_PROJECT_VERSION = 1;
				DEVELOPMENT_TEAM = B8A5NC68PU;
				GENERATE_INFOPLIST_FILE = YES;
				IPHONEOS_DEPLOYMENT_TARGET = 17.0;
				MACOSX_DEPLOYMENT_TARGET = 13.4;
				MARKETING_VERSION = 1.0;
				PRODUCT_BUNDLE_IDENTIFIER = dusan.SwiftDataExerciseUITests;
				PRODUCT_NAME = "$(TARGET_NAME)";
				SDKROOT = auto;
				SUPPORTED_PLATFORMS = "iphoneos iphonesimulator";
				SUPPORTS_MACCATALYST = NO;
				SWIFT_EMIT_LOC_STRINGS = NO;
				SWIFT_VERSION = 5.0;
				TARGETED_DEVICE_FAMILY = "1,2";
				TEST_TARGET_NAME = SwiftDataExercise;
			};
			name = Release;
		};
/* End XCBuildConfiguration section */

/* Begin XCConfigurationList section */
		78509A692A8250EB0056BB0E /* Build configuration list for PBXProject "SwiftDataExercise" */ = {
			isa = XCConfigurationList;
			buildConfigurations = (
				78509A912A8250EE0056BB0E /* Debug */,
				78509A922A8250EE0056BB0E /* Release */,
			);
			defaultConfigurationIsVisible = 0;
			defaultConfigurationName = Release;
		};
		78509A932A8250EE0056BB0E /* Build configuration list for PBXNativeTarget "SwiftDataExercise" */ = {
			isa = XCConfigurationList;
			buildConfigurations = (
				78509A942A8250EE0056BB0E /* Debug */,
				78509A952A8250EE0056BB0E /* Release */,
			);
			defaultConfigurationIsVisible = 0;
			defaultConfigurationName = Release;
		};
		78509A962A8250EE0056BB0E /* Build configuration list for PBXNativeTarget "SwiftDataExerciseTests" */ = {
			isa = XCConfigurationList;
			buildConfigurations = (
				78509A972A8250EE0056BB0E /* Debug */,
				78509A982A8250EE0056BB0E /* Release */,
			);
			defaultConfigurationIsVisible = 0;
			defaultConfigurationName = Release;
		};
		78509A992A8250EE0056BB0E /* Build configuration list for PBXNativeTarget "SwiftDataExerciseUITests" */ = {
			isa = XCConfigurationList;
			buildConfigurations = (
				78509A9A2A8250EE0056BB0E /* Debug */,
				78509A9B2A8250EE0056BB0E /* Release */,
			);
			defaultConfigurationIsVisible = 0;
			defaultConfigurationName = Release;
		};
/* End XCConfigurationList section */
	};
	rootObject = 78509A662A8250EB0056BB0E /* Project object */;
}
